<Solution>
  <Project Path="TeamWare.Agent.Tests/TeamWare.Agent.Tests.csproj">
    <Build Solution="Debug|*" Project="false" />
  </Project>
  <Project Path="TeamWare.Agent/TeamWare.Agent.csproj">
    <Build Solution="Debug|*" Project="false" />
  </Project>
  <Project Path="TeamWare.Tests/TeamWare.Tests.csproj">
    <Build Solution="Debug|*" Project="false" />
  </Project>
  <Project Path="TeamWare.Web/TeamWare.Web.csproj" />
</Solution>
